
Microsoft Visual Studio Solution File, Format Version 12.00
# Visual Studio Version 16
VisualStudioVersion = 16.0.29318.209
MinimumVisualStudioVersion = 10.0.40219.1
Project("{9A19103F-16F7-4668-BE54-9A1E7A4F7556}") = "AzureSaturday19.Lights", "AzureSaturday19.Lights\AzureSaturday19.Lights.csproj", "{09214D5C-FFAB-40C4-A075-93D6A2DCA3B7}"
EndProject
Project("{9A19103F-16F7-4668-BE54-9A1E7A4F7556}") = "AzureSaturday19.Cache", "AzureSaturday19.Cache\AzureSaturday19.Cache.csproj", "{B9ED208A-57FB-49A7-B4BD-FB95E22A5304}"
EndProject
Project("{9A19103F-16F7-4668-BE54-9A1E7A4F7556}") = "AzureSaturday19.KEDA", "AzureSaturday19.KEDA\AzureSaturday19.KEDA.csproj", "{67458689-2645-4F2D-A3AF-581B62DC7958}"
EndProject
Project("{FAE04EC0-301F-11D3-BF4B-00C04F79EFBC}") = "AzureSaturday19.KEDA.Pusher", "AzureSaturday19.KEDA.Pusher\AzureSaturday19.KEDA.Pusher.csproj", "{BC7FCFBA-DE9B-4788-925D-00503BA527B4}"
EndProject
Global
	GlobalSection(SolutionConfigurationPlatforms) = preSolution
		Debug|Any CPU = Debug|Any CPU
		Release|Any CPU = Release|Any CPU
	EndGlobalSection
	GlobalSection(ProjectConfigurationPlatforms) = postSolution
		{09214D5C-FFAB-40C4-A075-93D6A2DCA3B7}.Debug|Any CPU.ActiveCfg = Debug|Any CPU
		{09214D5C-FFAB-40C4-A075-93D6A2DCA3B7}.Debug|Any CPU.Build.0 = Debug|Any CPU
		{09214D5C-FFAB-40C4-A075-93D6A2DCA3B7}.Release|Any CPU.ActiveCfg = Release|Any CPU
		{09214D5C-FFAB-40C4-A075-93D6A2DCA3B7}.Release|Any CPU.Build.0 = Release|Any CPU
		{B9ED208A-57FB-49A7-B4BD-FB95E22A5304}.Debug|Any CPU.ActiveCfg = Debug|Any CPU
		{B9ED208A-57FB-49A7-B4BD-FB95E22A5304}.Debug|Any CPU.Build.0 = Debug|Any CPU
		{B9ED208A-57FB-49A7-B4BD-FB95E22A5304}.Release|Any CPU.ActiveCfg = Release|Any CPU
		{B9ED208A-57FB-49A7-B4BD-FB95E22A5304}.Release|Any CPU.Build.0 = Release|Any CPU
		{67458689-2645-4F2D-A3AF-581B62DC7958}.Debug|Any CPU.ActiveCfg = Debug|Any CPU
		{67458689-2645-4F2D-A3AF-581B62DC7958}.Debug|Any CPU.Build.0 = Debug|Any CPU
		{67458689-2645-4F2D-A3AF-581B62DC7958}.Release|Any CPU.ActiveCfg = Release|Any CPU
		{67458689-2645-4F2D-A3AF-581B62DC7958}.Release|Any CPU.Build.0 = Release|Any CPU
		{BC7FCFBA-DE9B-4788-925D-00503BA527B4}.Debug|Any CPU.ActiveCfg = Debug|Any CPU
		{BC7FCFBA-DE9B-4788-925D-00503BA527B4}.Debug|Any CPU.Build.0 = Debug|Any CPU
		{BC7FCFBA-DE9B-4788-925D-00503BA527B4}.Release|Any CPU.ActiveCfg = Release|Any CPU
		{BC7FCFBA-DE9B-4788-925D-00503BA527B4}.Release|Any CPU.Build.0 = Release|Any CPU
	EndGlobalSection
	GlobalSection(SolutionProperties) = preSolution
		HideSolutionNode = FALSE
	EndGlobalSection
	GlobalSection(ExtensibilityGlobals) = postSolution
		SolutionGuid = {E0517A9F-9773-4026-979E-25BE335D5550}
	EndGlobalSection
EndGlobal
